
Microsoft Visual Studio Solution File, Format Version 12.00
# Visual Studio Version 16
VisualStudioVersion = 16.0.33927.289
MinimumVisualStudioVersion = 10.0.40219.1
Project("{2150E333-8FDC-42A3-9474-1A3956D46DE8}") = "Task0", "Task0", "{11FFE8E5-C332-4931-A6E3-73091932FAFC}"
EndProject
Project("{FAE04EC0-301F-11D3-BF4B-00C04F79EFBC}") = "Tyuiu.SolovevVG.Sprint2.Task0.V3", "Tyuiu.SolovevVG.Sprint2.Task0.V3\Tyuiu.SolovevVG.Sprint2.Task0.V3.csproj", "{14A108F8-516C-426E-8B40-98B9A711E517}"
EndProject
Project("{FAE04EC0-301F-11D3-BF4B-00C04F79EFBC}") = "Tyuiu.SolovevVG.Sprint2.Task0.V3.Lib", "Tyuiu.SolovevVG.Sprint2.Task0.V3.Lib\Tyuiu.SolovevVG.Sprint2.Task0.V3.Lib.csproj", "{8C5A6DAE-8852-42A5-B553-31CA280D1F4A}"
EndProject
Project("{FAE04EC0-301F-11D3-BF4B-00C04F79EFBC}") = "Tyuiu.SolovevVG.Sprint2.Task0.V3.Test", "Tyuiu.SolovevVG.Sprint2.Task0.V3.Test\Tyuiu.SolovevVG.Sprint2.Task0.V3.Test.csproj", "{D2BD097A-B9BA-4281-A100-B2AA7D21E131}"
EndProject
Project("{2150E333-8FDC-42A3-9474-1A3956D46DE8}") = "Task1", "Task1", "{26785B72-C9B7-4F06-A4F3-FF9518E9EC46}"
EndProject
Project("{FAE04EC0-301F-11D3-BF4B-00C04F79EFBC}") = "Tyuiu.SolovevVG.Sprint2.Task1.V29", "Tyuiu.SolovevVG.Sprint2.Task1.V29\Tyuiu.SolovevVG.Sprint2.Task1.V29.csproj", "{D80B8E9A-DDF1-475D-BD47-9E710034E277}"
EndProject
Project("{FAE04EC0-301F-11D3-BF4B-00C04F79EFBC}") = "Tyuiu.SolovevVG.Sprint2.Task1.V29.Test", "Tyuiu.SolovevVG.Sprint2.Task1.V29.Test\Tyuiu.SolovevVG.Sprint2.Task1.V29.Test.csproj", "{D2250AD1-1AF3-4056-B937-A056B06A365E}"
EndProject
Project("{FAE04EC0-301F-11D3-BF4B-00C04F79EFBC}") = "Tyuiu.SolovevVG.Sprint2.Task1.V29.Lib", "Tyuiu.SolovevVG.Sprint2.Task1.V29.Lib\Tyuiu.SolovevVG.Sprint2.Task1.V29.Lib.csproj", "{A1FB0A59-F045-4274-8B11-AA74001F9A45}"
EndProject
Project("{2150E333-8FDC-42A3-9474-1A3956D46DE8}") = "Task2", "Task2", "{3B2A3000-BCB4-4138-90E2-B508A5BF0DA4}"
EndProject
Project("{FAE04EC0-301F-11D3-BF4B-00C04F79EFBC}") = "Tyuiu.SolovevVG.Sprint2.Task2.V7", "Tyuiu.SolovevVG.Sprint2.Task2.V7\Tyuiu.SolovevVG.Sprint2.Task2.V7.csproj", "{C604198B-032F-4ADF-90C9-1B9E2B780053}"
EndProject
Project("{FAE04EC0-301F-11D3-BF4B-00C04F79EFBC}") = "Tyuiu.SolovevVG.Sprint2.Task2.V7.Lib", "Tyuiu.SolovevVG.Sprint2.Task2.V7.Lib\Tyuiu.SolovevVG.Sprint2.Task2.V7.Lib.csproj", "{9E919FAC-16EE-46FD-A18C-49BA0A746E61}"
EndProject
Project("{FAE04EC0-301F-11D3-BF4B-00C04F79EFBC}") = "Tyuiu.SolovevVG.Sprint2.Task2.V7.Test", "Tyuiu.SolovevVG.Sprint2.Task2.V7.Test\Tyuiu.SolovevVG.Sprint2.Task2.V7.Test.csproj", "{F32E032C-7F81-4CFE-A023-85AAC08A7AF4}"
EndProject
Global
	GlobalSection(SolutionConfigurationPlatforms) = preSolution
		Debug|Any CPU = Debug|Any CPU
		Release|Any CPU = Release|Any CPU
	EndGlobalSection
	GlobalSection(ProjectConfigurationPlatforms) = postSolution
		{14A108F8-516C-426E-8B40-98B9A711E517}.Debug|Any CPU.ActiveCfg = Debug|Any CPU
		{14A108F8-516C-426E-8B40-98B9A711E517}.Debug|Any CPU.Build.0 = Debug|Any CPU
		{14A108F8-516C-426E-8B40-98B9A711E517}.Release|Any CPU.ActiveCfg = Release|Any CPU
		{14A108F8-516C-426E-8B40-98B9A711E517}.Release|Any CPU.Build.0 = Release|Any CPU
		{8C5A6DAE-8852-42A5-B553-31CA280D1F4A}.Debug|Any CPU.ActiveCfg = Debug|Any CPU
		{8C5A6DAE-8852-42A5-B553-31CA280D1F4A}.Debug|Any CPU.Build.0 = Debug|Any CPU
		{8C5A6DAE-8852-42A5-B553-31CA280D1F4A}.Release|Any CPU.ActiveCfg = Release|Any CPU
		{8C5A6DAE-8852-42A5-B553-31CA280D1F4A}.Release|Any CPU.Build.0 = Release|Any CPU
		{D2BD097A-B9BA-4281-A100-B2AA7D21E131}.Debug|Any CPU.ActiveCfg = Debug|Any CPU
		{D2BD097A-B9BA-4281-A100-B2AA7D21E131}.Debug|Any CPU.Build.0 = Debug|Any CPU
		{D2BD097A-B9BA-4281-A100-B2AA7D21E131}.Release|Any CPU.ActiveCfg = Release|Any CPU
		{D2BD097A-B9BA-4281-A100-B2AA7D21E131}.Release|Any CPU.Build.0 = Release|Any CPU
		{D80B8E9A-DDF1-475D-BD47-9E710034E277}.Debug|Any CPU.ActiveCfg = Debug|Any CPU
		{D80B8E9A-DDF1-475D-BD47-9E710034E277}.Debug|Any CPU.Build.0 = Debug|Any CPU
		{D80B8E9A-DDF1-475D-BD47-9E710034E277}.Release|Any CPU.ActiveCfg = Release|Any CPU
		{D80B8E9A-DDF1-475D-BD47-9E710034E277}.Release|Any CPU.Build.0 = Release|Any CPU
		{D2250AD1-1AF3-4056-B937-A056B06A365E}.Debug|Any CPU.ActiveCfg = Debug|Any CPU
		{D2250AD1-1AF3-4056-B937-A056B06A365E}.Debug|Any CPU.Build.0 = Debug|Any CPU
		{D2250AD1-1AF3-4056-B937-A056B06A365E}.Release|Any CPU.ActiveCfg = Release|Any CPU
		{D2250AD1-1AF3-4056-B937-A056B06A365E}.Release|Any CPU.Build.0 = Release|Any CPU
		{A1FB0A59-F045-4274-8B11-AA74001F9A45}.Debug|Any CPU.ActiveCfg = Debug|Any CPU
		{A1FB0A59-F045-4274-8B11-AA74001F9A45}.Debug|Any CPU.Build.0 = Debug|Any CPU
		{A1FB0A59-F045-4274-8B11-AA74001F9A45}.Release|Any CPU.ActiveCfg = Release|Any CPU
		{A1FB0A59-F045-4274-8B11-AA74001F9A45}.Release|Any CPU.Build.0 = Release|Any CPU
		{C604198B-032F-4ADF-90C9-1B9E2B780053}.Debug|Any CPU.ActiveCfg = Debug|Any CPU
		{C604198B-032F-4ADF-90C9-1B9E2B780053}.Debug|Any CPU.Build.0 = Debug|Any CPU
		{C604198B-032F-4ADF-90C9-1B9E2B780053}.Release|Any CPU.ActiveCfg = Release|Any CPU
		{C604198B-032F-4ADF-90C9-1B9E2B780053}.Release|Any CPU.Build.0 = Release|Any CPU
		{9E919FAC-16EE-46FD-A18C-49BA0A746E61}.Debug|Any CPU.ActiveCfg = Debug|Any CPU
		{9E919FAC-16EE-46FD-A18C-49BA0A746E61}.Debug|Any CPU.Build.0 = Debug|Any CPU
		{9E919FAC-16EE-46FD-A18C-49BA0A746E61}.Release|Any CPU.ActiveCfg = Release|Any CPU
		{9E919FAC-16EE-46FD-A18C-49BA0A746E61}.Release|Any CPU.Build.0 = Release|Any CPU
		{F32E032C-7F81-4CFE-A023-85AAC08A7AF4}.Debug|Any CPU.ActiveCfg = Debug|Any CPU
		{F32E032C-7F81-4CFE-A023-85AAC08A7AF4}.Debug|Any CPU.Build.0 = Debug|Any CPU
		{F32E032C-7F81-4CFE-A023-85AAC08A7AF4}.Release|Any CPU.ActiveCfg = Release|Any CPU
		{F32E032C-7F81-4CFE-A023-85AAC08A7AF4}.Release|Any CPU.Build.0 = Release|Any CPU
	EndGlobalSection
	GlobalSection(SolutionProperties) = preSolution
		HideSolutionNode = FALSE
	EndGlobalSection
	GlobalSection(NestedProjects) = preSolution
		{14A108F8-516C-426E-8B40-98B9A711E517} = {11FFE8E5-C332-4931-A6E3-73091932FAFC}
		{8C5A6DAE-8852-42A5-B553-31CA280D1F4A} = {11FFE8E5-C332-4931-A6E3-73091932FAFC}
		{D2BD097A-B9BA-4281-A100-B2AA7D21E131} = {11FFE8E5-C332-4931-A6E3-73091932FAFC}
		{D80B8E9A-DDF1-475D-BD47-9E710034E277} = {26785B72-C9B7-4F06-A4F3-FF9518E9EC46}
		{D2250AD1-1AF3-4056-B937-A056B06A365E} = {26785B72-C9B7-4F06-A4F3-FF9518E9EC46}
		{A1FB0A59-F045-4274-8B11-AA74001F9A45} = {26785B72-C9B7-4F06-A4F3-FF9518E9EC46}
		{C604198B-032F-4ADF-90C9-1B9E2B780053} = {3B2A3000-BCB4-4138-90E2-B508A5BF0DA4}
		{9E919FAC-16EE-46FD-A18C-49BA0A746E61} = {3B2A3000-BCB4-4138-90E2-B508A5BF0DA4}
		{F32E032C-7F81-4CFE-A023-85AAC08A7AF4} = {3B2A3000-BCB4-4138-90E2-B508A5BF0DA4}
	EndGlobalSection
	GlobalSection(ExtensibilityGlobals) = postSolution
		SolutionGuid = {3A4F0A55-CED1-462C-8CCA-C1B39FC3575E}
	EndGlobalSection
EndGlobal
