
Microsoft Visual Studio Solution File, Format Version 12.00
# Visual Studio Version 16
VisualStudioVersion = 16.0.33927.289
MinimumVisualStudioVersion = 10.0.40219.1
Project("{2150E333-8FDC-42A3-9474-1A3956D46DE8}") = "Task0", "Task0", "{11FFE8E5-C332-4931-A6E3-73091932FAFC}"
EndProject
Project("{FAE04EC0-301F-11D3-BF4B-00C04F79EFBC}") = "Tyuiu.SolovevVG.Sprint2.Task0.V3", "Tyuiu.SolovevVG.Sprint2.Task0.V3\Tyuiu.SolovevVG.Sprint2.Task0.V3.csproj", "{14A108F8-516C-426E-8B40-98B9A711E517}"
EndProject
Project("{FAE04EC0-301F-11D3-BF4B-00C04F79EFBC}") = "Tyuiu.SolovevVG.Sprint2.Task0.V3.Lib", "Tyuiu.SolovevVG.Sprint2.Task0.V3.Lib\Tyuiu.SolovevVG.Sprint2.Task0.V3.Lib.csproj", "{8C5A6DAE-8852-42A5-B553-31CA280D1F4A}"
EndProject
Project("{FAE04EC0-301F-11D3-BF4B-00C04F79EFBC}") = "Tyuiu.SolovevVG.Sprint2.Task0.V3.Test", "Tyuiu.SolovevVG.Sprint2.Task0.V3.Test\Tyuiu.SolovevVG.Sprint2.Task0.V3.Test.csproj", "{D2BD097A-B9BA-4281-A100-B2AA7D21E131}"
EndProject
Project("{2150E333-8FDC-42A3-9474-1A3956D46DE8}") = "Task1", "Task1", "{26785B72-C9B7-4F06-A4F3-FF9518E9EC46}"
EndProject
Project("{FAE04EC0-301F-11D3-BF4B-00C04F79EFBC}") = "Tyuiu.SolovevVG.Sprint2.Task1.V29", "Tyuiu.SolovevVG.Sprint2.Task1.V29\Tyuiu.SolovevVG.Sprint2.Task1.V29.csproj", "{D80B8E9A-DDF1-475D-BD47-9E710034E277}"
EndProject
Project("{FAE04EC0-301F-11D3-BF4B-00C04F79EFBC}") = "Tyuiu.SolovevVG.Sprint2.Task1.V29.Test", "Tyuiu.SolovevVG.Sprint2.Task1.V29.Test\Tyuiu.SolovevVG.Sprint2.Task1.V29.Test.csproj", "{D2250AD1-1AF3-4056-B937-A056B06A365E}"
EndProject
Project("{FAE04EC0-301F-11D3-BF4B-00C04F79EFBC}") = "Tyuiu.SolovevVG.Sprint2.Task1.V29.Lib", "Tyuiu.SolovevVG.Sprint2.Task1.V29.Lib\Tyuiu.SolovevVG.Sprint2.Task1.V29.Lib.csproj", "{A1FB0A59-F045-4274-8B11-AA74001F9A45}"
EndProject
Project("{2150E333-8FDC-42A3-9474-1A3956D46DE8}") = "Task2", "Task2", "{3B2A3000-BCB4-4138-90E2-B508A5BF0DA4}"
EndProject
Project("{FAE04EC0-301F-11D3-BF4B-00C04F79EFBC}") = "Tyuiu.SolovevVG.Sprint2.Task2.V7", "Tyuiu.SolovevVG.Sprint2.Task2.V7\Tyuiu.SolovevVG.Sprint2.Task2.V7.csproj", "{C604198B-032F-4ADF-90C9-1B9E2B780053}"
EndProject
Project("{FAE04EC0-301F-11D3-BF4B-00C04F79EFBC}") = "Tyuiu.SolovevVG.Sprint2.Task2.V7.Lib", "Tyuiu.SolovevVG.Sprint2.Task2.V7.Lib\Tyuiu.SolovevVG.Sprint2.Task2.V7.Lib.csproj", "{9E919FAC-16EE-46FD-A18C-49BA0A746E61}"
EndProject
Project("{FAE04EC0-301F-11D3-BF4B-00C04F79EFBC}") = "Tyuiu.SolovevVG.Sprint2.Task2.V7.Test", "Tyuiu.SolovevVG.Sprint2.Task2.V7.Test\Tyuiu.SolovevVG.Sprint2.Task2.V7.Test.csproj", "{F32E032C-7F81-4CFE-A023-85AAC08A7AF4}"
EndProject
Project("{2150E333-8FDC-42A3-9474-1A3956D46DE8}") = "Task3", "Task3", "{51ECCB50-27D8-45E4-B128-124F16BD3762}"
EndProject
Project("{FAE04EC0-301F-11D3-BF4B-00C04F79EFBC}") = "Tyuiu.SolovevVG.Sprint2.Task3.V23", "Tyuiu.SolovevVG.Sprint2.Task3.V23\Tyuiu.SolovevVG.Sprint2.Task3.V23.csproj", "{EFBAD9D5-1A09-4987-A4B1-FDCF06F7C731}"
EndProject
Project("{FAE04EC0-301F-11D3-BF4B-00C04F79EFBC}") = "Tyuiu.SolovevVG.Sprint2.Task3.V23.Test", "Tyuiu.SolovevVG.Sprint2.Task3.V23.Test\Tyuiu.SolovevVG.Sprint2.Task3.V23.Test.csproj", "{5377C883-5100-475E-894A-95EA61380AD2}"
EndProject
Project("{FAE04EC0-301F-11D3-BF4B-00C04F79EFBC}") = "Tyuiu.SolovevVG.Sprint2.Task3.V23.Lib", "Tyuiu.SolovevVG.Sprint2.Task3.V23.Lib\Tyuiu.SolovevVG.Sprint2.Task3.V23.Lib.csproj", "{01856EBA-C8DA-400D-8C8A-EEF7372657DD}"
EndProject
Project("{2150E333-8FDC-42A3-9474-1A3956D46DE8}") = "Task4", "Task4", "{3D5DEDFF-FF93-4934-B695-F26D48DB9170}"
EndProject
Project("{FAE04EC0-301F-11D3-BF4B-00C04F79EFBC}") = "Tyuiu.SolovevVG.Sprint2.Task4.V5", "Tyuiu.SolovevVG.Sprint2.Task4.V5\Tyuiu.SolovevVG.Sprint2.Task4.V5.csproj", "{D93C78B2-11AF-4C0F-92F9-9180B0161A73}"
EndProject
Project("{FAE04EC0-301F-11D3-BF4B-00C04F79EFBC}") = "Tyuiu.SolovevVG.Sprint2.Task4.V5.Lib", "Tyuiu.SolovevVG.Sprint2.Task4.V5.Lib\Tyuiu.SolovevVG.Sprint2.Task4.V5.Lib.csproj", "{2FE9F8CF-9FEB-4A22-B962-8BA708A8B28D}"
EndProject
Project("{FAE04EC0-301F-11D3-BF4B-00C04F79EFBC}") = "Tyuiu.SolovevVG.Sprint2.Task4.V5.Test", "Tyuiu.SolovevVG.Sprint2.Task4.V5.Test\Tyuiu.SolovevVG.Sprint2.Task4.V5.Test.csproj", "{C8B8F172-3714-41FD-B605-9FA3BB10BE66}"
EndProject
Project("{2150E333-8FDC-42A3-9474-1A3956D46DE8}") = "Task5", "Task5", "{AD32B0BF-FBCF-4F3B-9490-4B74E7918F70}"
EndProject
Project("{FAE04EC0-301F-11D3-BF4B-00C04F79EFBC}") = "Tyuiu.SolovevVG.Sprint2.Task5.V7", "Tyuiu.SolovevVG.Sprint2.Task5.V7\Tyuiu.SolovevVG.Sprint2.Task5.V7.csproj", "{95E2E230-857B-4A4A-BCE3-F12B1360FA05}"
EndProject
Project("{FAE04EC0-301F-11D3-BF4B-00C04F79EFBC}") = "Tyuiu.SolovevVG.Sprint2.Task5.V7.Test", "Tyuiu.SolovevVG.Sprint2.Task5.V7.Test\Tyuiu.SolovevVG.Sprint2.Task5.V7.Test.csproj", "{B585E527-1943-437C-B693-3D6687EC5695}"
EndProject
Project("{FAE04EC0-301F-11D3-BF4B-00C04F79EFBC}") = "Tyuiu.SolovevVG.Sprint2.Task5.V7.Lib", "Tyuiu.SolovevVG.Sprint2.Task5.V7.Lib\Tyuiu.SolovevVG.Sprint2.Task5.V7.Lib.csproj", "{E81EBD88-2D81-469A-AB45-30EACD0221E8}"
EndProject
Project("{2150E333-8FDC-42A3-9474-1A3956D46DE8}") = "Task6", "Task6", "{9B9B44B2-3A7D-4458-971B-90B5637F7C5A}"
EndProject
Project("{FAE04EC0-301F-11D3-BF4B-00C04F79EFBC}") = "Tyuiu.SolovevVG.Sprint2.Task6.V6", "Tyuiu.SolovevVG.Sprint2.Task6.V6\Tyuiu.SolovevVG.Sprint2.Task6.V6.csproj", "{4F23C2D4-8134-4B00-A39E-7E318B105E18}"
EndProject
Project("{FAE04EC0-301F-11D3-BF4B-00C04F79EFBC}") = "Tyuiu.SolovevVG.Sprint2.Task6.V6.Lib", "Tyuiu.SolovevVG.Sprint2.Task6.V6.Lib\Tyuiu.SolovevVG.Sprint2.Task6.V6.Lib.csproj", "{1FFC8F5F-8DED-4DF6-AF34-C2016967B9C1}"
EndProject
Project("{FAE04EC0-301F-11D3-BF4B-00C04F79EFBC}") = "Tyuiu.SolovevVG.Sprint2.Task6.V6.Test", "Tyuiu.SolovevVG.Sprint2.Task6.V6.Test\Tyuiu.SolovevVG.Sprint2.Task6.V6.Test.csproj", "{944D0F22-1207-4E86-B586-F474031400C0}"
EndProject
Project("{2150E333-8FDC-42A3-9474-1A3956D46DE8}") = "Task7", "Task7", "{AEC42CA7-2986-42BC-A6FE-37C29C3D1F3F}"
EndProject
Project("{FAE04EC0-301F-11D3-BF4B-00C04F79EFBC}") = "Tyuiu.SolovevVG.Sprint2.Task7.V15", "Tyuiu.SolovevVG.Sprint2.Task7.V15\Tyuiu.SolovevVG.Sprint2.Task7.V15.csproj", "{2A55DEDA-2AEA-4565-9CCC-35166F951123}"
EndProject
Project("{FAE04EC0-301F-11D3-BF4B-00C04F79EFBC}") = "Tyuiu.SolovevVG.Sprint2.Task7.V15.Test", "Tyuiu.SolovevVG.Sprint2.Task7.V15.Test\Tyuiu.SolovevVG.Sprint2.Task7.V15.Test.csproj", "{7E704300-4FEA-4741-B16C-843F6054C932}"
EndProject
Project("{FAE04EC0-301F-11D3-BF4B-00C04F79EFBC}") = "Tyuiu.SolovevVG.Sprint2.Task7.V15.Lib", "Tyuiu.SolovevVG.Sprint2.Task7.V15.Lib\Tyuiu.SolovevVG.Sprint2.Task7.V15.Lib.csproj", "{CA0241CB-7BAA-4B01-AE36-3333177BBAA6}"
EndProject
Global
	GlobalSection(SolutionConfigurationPlatforms) = preSolution
		Debug|Any CPU = Debug|Any CPU
		Release|Any CPU = Release|Any CPU
	EndGlobalSection
	GlobalSection(ProjectConfigurationPlatforms) = postSolution
		{14A108F8-516C-426E-8B40-98B9A711E517}.Debug|Any CPU.ActiveCfg = Debug|Any CPU
		{14A108F8-516C-426E-8B40-98B9A711E517}.Debug|Any CPU.Build.0 = Debug|Any CPU
		{14A108F8-516C-426E-8B40-98B9A711E517}.Release|Any CPU.ActiveCfg = Release|Any CPU
		{14A108F8-516C-426E-8B40-98B9A711E517}.Release|Any CPU.Build.0 = Release|Any CPU
		{8C5A6DAE-8852-42A5-B553-31CA280D1F4A}.Debug|Any CPU.ActiveCfg = Debug|Any CPU
		{8C5A6DAE-8852-42A5-B553-31CA280D1F4A}.Debug|Any CPU.Build.0 = Debug|Any CPU
		{8C5A6DAE-8852-42A5-B553-31CA280D1F4A}.Release|Any CPU.ActiveCfg = Release|Any CPU
		{8C5A6DAE-8852-42A5-B553-31CA280D1F4A}.Release|Any CPU.Build.0 = Release|Any CPU
		{D2BD097A-B9BA-4281-A100-B2AA7D21E131}.Debug|Any CPU.ActiveCfg = Debug|Any CPU
		{D2BD097A-B9BA-4281-A100-B2AA7D21E131}.Debug|Any CPU.Build.0 = Debug|Any CPU
		{D2BD097A-B9BA-4281-A100-B2AA7D21E131}.Release|Any CPU.ActiveCfg = Release|Any CPU
		{D2BD097A-B9BA-4281-A100-B2AA7D21E131}.Release|Any CPU.Build.0 = Release|Any CPU
		{D80B8E9A-DDF1-475D-BD47-9E710034E277}.Debug|Any CPU.ActiveCfg = Debug|Any CPU
		{D80B8E9A-DDF1-475D-BD47-9E710034E277}.Debug|Any CPU.Build.0 = Debug|Any CPU
		{D80B8E9A-DDF1-475D-BD47-9E710034E277}.Release|Any CPU.ActiveCfg = Release|Any CPU
		{D80B8E9A-DDF1-475D-BD47-9E710034E277}.Release|Any CPU.Build.0 = Release|Any CPU
		{D2250AD1-1AF3-4056-B937-A056B06A365E}.Debug|Any CPU.ActiveCfg = Debug|Any CPU
		{D2250AD1-1AF3-4056-B937-A056B06A365E}.Debug|Any CPU.Build.0 = Debug|Any CPU
		{D2250AD1-1AF3-4056-B937-A056B06A365E}.Release|Any CPU.ActiveCfg = Release|Any CPU
		{D2250AD1-1AF3-4056-B937-A056B06A365E}.Release|Any CPU.Build.0 = Release|Any CPU
		{A1FB0A59-F045-4274-8B11-AA74001F9A45}.Debug|Any CPU.ActiveCfg = Debug|Any CPU
		{A1FB0A59-F045-4274-8B11-AA74001F9A45}.Debug|Any CPU.Build.0 = Debug|Any CPU
		{A1FB0A59-F045-4274-8B11-AA74001F9A45}.Release|Any CPU.ActiveCfg = Release|Any CPU
		{A1FB0A59-F045-4274-8B11-AA74001F9A45}.Release|Any CPU.Build.0 = Release|Any CPU
		{C604198B-032F-4ADF-90C9-1B9E2B780053}.Debug|Any CPU.ActiveCfg = Debug|Any CPU
		{C604198B-032F-4ADF-90C9-1B9E2B780053}.Debug|Any CPU.Build.0 = Debug|Any CPU
		{C604198B-032F-4ADF-90C9-1B9E2B780053}.Release|Any CPU.ActiveCfg = Release|Any CPU
		{C604198B-032F-4ADF-90C9-1B9E2B780053}.Release|Any CPU.Build.0 = Release|Any CPU
		{9E919FAC-16EE-46FD-A18C-49BA0A746E61}.Debug|Any CPU.ActiveCfg = Debug|Any CPU
		{9E919FAC-16EE-46FD-A18C-49BA0A746E61}.Debug|Any CPU.Build.0 = Debug|Any CPU
		{9E919FAC-16EE-46FD-A18C-49BA0A746E61}.Release|Any CPU.ActiveCfg = Release|Any CPU
		{9E919FAC-16EE-46FD-A18C-49BA0A746E61}.Release|Any CPU.Build.0 = Release|Any CPU
		{F32E032C-7F81-4CFE-A023-85AAC08A7AF4}.Debug|Any CPU.ActiveCfg = Debug|Any CPU
		{F32E032C-7F81-4CFE-A023-85AAC08A7AF4}.Debug|Any CPU.Build.0 = Debug|Any CPU
		{F32E032C-7F81-4CFE-A023-85AAC08A7AF4}.Release|Any CPU.ActiveCfg = Release|Any CPU
		{F32E032C-7F81-4CFE-A023-85AAC08A7AF4}.Release|Any CPU.Build.0 = Release|Any CPU
		{EFBAD9D5-1A09-4987-A4B1-FDCF06F7C731}.Debug|Any CPU.ActiveCfg = Debug|Any CPU
		{EFBAD9D5-1A09-4987-A4B1-FDCF06F7C731}.Debug|Any CPU.Build.0 = Debug|Any CPU
		{EFBAD9D5-1A09-4987-A4B1-FDCF06F7C731}.Release|Any CPU.ActiveCfg = Release|Any CPU
		{EFBAD9D5-1A09-4987-A4B1-FDCF06F7C731}.Release|Any CPU.Build.0 = Release|Any CPU
		{5377C883-5100-475E-894A-95EA61380AD2}.Debug|Any CPU.ActiveCfg = Debug|Any CPU
		{5377C883-5100-475E-894A-95EA61380AD2}.Debug|Any CPU.Build.0 = Debug|Any CPU
		{5377C883-5100-475E-894A-95EA61380AD2}.Release|Any CPU.ActiveCfg = Release|Any CPU
		{5377C883-5100-475E-894A-95EA61380AD2}.Release|Any CPU.Build.0 = Release|Any CPU
		{01856EBA-C8DA-400D-8C8A-EEF7372657DD}.Debug|Any CPU.ActiveCfg = Debug|Any CPU
		{01856EBA-C8DA-400D-8C8A-EEF7372657DD}.Debug|Any CPU.Build.0 = Debug|Any CPU
		{01856EBA-C8DA-400D-8C8A-EEF7372657DD}.Release|Any CPU.ActiveCfg = Release|Any CPU
		{01856EBA-C8DA-400D-8C8A-EEF7372657DD}.Release|Any CPU.Build.0 = Release|Any CPU
		{D93C78B2-11AF-4C0F-92F9-9180B0161A73}.Debug|Any CPU.ActiveCfg = Debug|Any CPU
		{D93C78B2-11AF-4C0F-92F9-9180B0161A73}.Debug|Any CPU.Build.0 = Debug|Any CPU
		{D93C78B2-11AF-4C0F-92F9-9180B0161A73}.Release|Any CPU.ActiveCfg = Release|Any CPU
		{D93C78B2-11AF-4C0F-92F9-9180B0161A73}.Release|Any CPU.Build.0 = Release|Any CPU
		{2FE9F8CF-9FEB-4A22-B962-8BA708A8B28D}.Debug|Any CPU.ActiveCfg = Debug|Any CPU
		{2FE9F8CF-9FEB-4A22-B962-8BA708A8B28D}.Debug|Any CPU.Build.0 = Debug|Any CPU
		{2FE9F8CF-9FEB-4A22-B962-8BA708A8B28D}.Release|Any CPU.ActiveCfg = Release|Any CPU
		{2FE9F8CF-9FEB-4A22-B962-8BA708A8B28D}.Release|Any CPU.Build.0 = Release|Any CPU
		{C8B8F172-3714-41FD-B605-9FA3BB10BE66}.Debug|Any CPU.ActiveCfg = Debug|Any CPU
		{C8B8F172-3714-41FD-B605-9FA3BB10BE66}.Debug|Any CPU.Build.0 = Debug|Any CPU
		{C8B8F172-3714-41FD-B605-9FA3BB10BE66}.Release|Any CPU.ActiveCfg = Release|Any CPU
		{C8B8F172-3714-41FD-B605-9FA3BB10BE66}.Release|Any CPU.Build.0 = Release|Any CPU
		{95E2E230-857B-4A4A-BCE3-F12B1360FA05}.Debug|Any CPU.ActiveCfg = Debug|Any CPU
		{95E2E230-857B-4A4A-BCE3-F12B1360FA05}.Debug|Any CPU.Build.0 = Debug|Any CPU
		{95E2E230-857B-4A4A-BCE3-F12B1360FA05}.Release|Any CPU.ActiveCfg = Release|Any CPU
		{95E2E230-857B-4A4A-BCE3-F12B1360FA05}.Release|Any CPU.Build.0 = Release|Any CPU
		{B585E527-1943-437C-B693-3D6687EC5695}.Debug|Any CPU.ActiveCfg = Debug|Any CPU
		{B585E527-1943-437C-B693-3D6687EC5695}.Debug|Any CPU.Build.0 = Debug|Any CPU
		{B585E527-1943-437C-B693-3D6687EC5695}.Release|Any CPU.ActiveCfg = Release|Any CPU
		{B585E527-1943-437C-B693-3D6687EC5695}.Release|Any CPU.Build.0 = Release|Any CPU
		{E81EBD88-2D81-469A-AB45-30EACD0221E8}.Debug|Any CPU.ActiveCfg = Debug|Any CPU
		{E81EBD88-2D81-469A-AB45-30EACD0221E8}.Debug|Any CPU.Build.0 = Debug|Any CPU
		{E81EBD88-2D81-469A-AB45-30EACD0221E8}.Release|Any CPU.ActiveCfg = Release|Any CPU
		{E81EBD88-2D81-469A-AB45-30EACD0221E8}.Release|Any CPU.Build.0 = Release|Any CPU
		{4F23C2D4-8134-4B00-A39E-7E318B105E18}.Debug|Any CPU.ActiveCfg = Debug|Any CPU
		{4F23C2D4-8134-4B00-A39E-7E318B105E18}.Debug|Any CPU.Build.0 = Debug|Any CPU
		{4F23C2D4-8134-4B00-A39E-7E318B105E18}.Release|Any CPU.ActiveCfg = Release|Any CPU
		{4F23C2D4-8134-4B00-A39E-7E318B105E18}.Release|Any CPU.Build.0 = Release|Any CPU
		{1FFC8F5F-8DED-4DF6-AF34-C2016967B9C1}.Debug|Any CPU.ActiveCfg = Debug|Any CPU
		{1FFC8F5F-8DED-4DF6-AF34-C2016967B9C1}.Debug|Any CPU.Build.0 = Debug|Any CPU
		{1FFC8F5F-8DED-4DF6-AF34-C2016967B9C1}.Release|Any CPU.ActiveCfg = Release|Any CPU
		{1FFC8F5F-8DED-4DF6-AF34-C2016967B9C1}.Release|Any CPU.Build.0 = Release|Any CPU
		{944D0F22-1207-4E86-B586-F474031400C0}.Debug|Any CPU.ActiveCfg = Debug|Any CPU
		{944D0F22-1207-4E86-B586-F474031400C0}.Debug|Any CPU.Build.0 = Debug|Any CPU
		{944D0F22-1207-4E86-B586-F474031400C0}.Release|Any CPU.ActiveCfg = Release|Any CPU
		{944D0F22-1207-4E86-B586-F474031400C0}.Release|Any CPU.Build.0 = Release|Any CPU
		{2A55DEDA-2AEA-4565-9CCC-35166F951123}.Debug|Any CPU.ActiveCfg = Debug|Any CPU
		{2A55DEDA-2AEA-4565-9CCC-35166F951123}.Debug|Any CPU.Build.0 = Debug|Any CPU
		{2A55DEDA-2AEA-4565-9CCC-35166F951123}.Release|Any CPU.ActiveCfg = Release|Any CPU
		{2A55DEDA-2AEA-4565-9CCC-35166F951123}.Release|Any CPU.Build.0 = Release|Any CPU
		{7E704300-4FEA-4741-B16C-843F6054C932}.Debug|Any CPU.ActiveCfg = Debug|Any CPU
		{7E704300-4FEA-4741-B16C-843F6054C932}.Debug|Any CPU.Build.0 = Debug|Any CPU
		{7E704300-4FEA-4741-B16C-843F6054C932}.Release|Any CPU.ActiveCfg = Release|Any CPU
		{7E704300-4FEA-4741-B16C-843F6054C932}.Release|Any CPU.Build.0 = Release|Any CPU
		{CA0241CB-7BAA-4B01-AE36-3333177BBAA6}.Debug|Any CPU.ActiveCfg = Debug|Any CPU
		{CA0241CB-7BAA-4B01-AE36-3333177BBAA6}.Debug|Any CPU.Build.0 = Debug|Any CPU
		{CA0241CB-7BAA-4B01-AE36-3333177BBAA6}.Release|Any CPU.ActiveCfg = Release|Any CPU
		{CA0241CB-7BAA-4B01-AE36-3333177BBAA6}.Release|Any CPU.Build.0 = Release|Any CPU
	EndGlobalSection
	GlobalSection(SolutionProperties) = preSolution
		HideSolutionNode = FALSE
	EndGlobalSection
	GlobalSection(NestedProjects) = preSolution
		{14A108F8-516C-426E-8B40-98B9A711E517} = {11FFE8E5-C332-4931-A6E3-73091932FAFC}
		{8C5A6DAE-8852-42A5-B553-31CA280D1F4A} = {11FFE8E5-C332-4931-A6E3-73091932FAFC}
		{D2BD097A-B9BA-4281-A100-B2AA7D21E131} = {11FFE8E5-C332-4931-A6E3-73091932FAFC}
		{D80B8E9A-DDF1-475D-BD47-9E710034E277} = {26785B72-C9B7-4F06-A4F3-FF9518E9EC46}
		{D2250AD1-1AF3-4056-B937-A056B06A365E} = {26785B72-C9B7-4F06-A4F3-FF9518E9EC46}
		{A1FB0A59-F045-4274-8B11-AA74001F9A45} = {26785B72-C9B7-4F06-A4F3-FF9518E9EC46}
		{C604198B-032F-4ADF-90C9-1B9E2B780053} = {3B2A3000-BCB4-4138-90E2-B508A5BF0DA4}
		{9E919FAC-16EE-46FD-A18C-49BA0A746E61} = {3B2A3000-BCB4-4138-90E2-B508A5BF0DA4}
		{F32E032C-7F81-4CFE-A023-85AAC08A7AF4} = {3B2A3000-BCB4-4138-90E2-B508A5BF0DA4}
		{EFBAD9D5-1A09-4987-A4B1-FDCF06F7C731} = {51ECCB50-27D8-45E4-B128-124F16BD3762}
		{5377C883-5100-475E-894A-95EA61380AD2} = {51ECCB50-27D8-45E4-B128-124F16BD3762}
		{01856EBA-C8DA-400D-8C8A-EEF7372657DD} = {51ECCB50-27D8-45E4-B128-124F16BD3762}
		{D93C78B2-11AF-4C0F-92F9-9180B0161A73} = {3D5DEDFF-FF93-4934-B695-F26D48DB9170}
		{2FE9F8CF-9FEB-4A22-B962-8BA708A8B28D} = {3D5DEDFF-FF93-4934-B695-F26D48DB9170}
		{C8B8F172-3714-41FD-B605-9FA3BB10BE66} = {3D5DEDFF-FF93-4934-B695-F26D48DB9170}
		{95E2E230-857B-4A4A-BCE3-F12B1360FA05} = {AD32B0BF-FBCF-4F3B-9490-4B74E7918F70}
		{B585E527-1943-437C-B693-3D6687EC5695} = {AD32B0BF-FBCF-4F3B-9490-4B74E7918F70}
		{E81EBD88-2D81-469A-AB45-30EACD0221E8} = {AD32B0BF-FBCF-4F3B-9490-4B74E7918F70}
		{4F23C2D4-8134-4B00-A39E-7E318B105E18} = {9B9B44B2-3A7D-4458-971B-90B5637F7C5A}
		{1FFC8F5F-8DED-4DF6-AF34-C2016967B9C1} = {9B9B44B2-3A7D-4458-971B-90B5637F7C5A}
		{944D0F22-1207-4E86-B586-F474031400C0} = {9B9B44B2-3A7D-4458-971B-90B5637F7C5A}
		{2A55DEDA-2AEA-4565-9CCC-35166F951123} = {AEC42CA7-2986-42BC-A6FE-37C29C3D1F3F}
		{7E704300-4FEA-4741-B16C-843F6054C932} = {AEC42CA7-2986-42BC-A6FE-37C29C3D1F3F}
		{CA0241CB-7BAA-4B01-AE36-3333177BBAA6} = {AEC42CA7-2986-42BC-A6FE-37C29C3D1F3F}
	EndGlobalSection
	GlobalSection(ExtensibilityGlobals) = postSolution
		SolutionGuid = {3A4F0A55-CED1-462C-8CCA-C1B39FC3575E}
	EndGlobalSection
EndGlobal
